
Microsoft Visual Studio Solution File, Format Version 12.00
# Visual Studio Version 17
VisualStudioVersion = 17.9.34723.18
MinimumVisualStudioVersion = 10.0.40219.1
Project("{FAE04EC0-301F-11D3-BF4B-00C04F79EFBC}") = "OtelRezervasyonMVC", "OtelRezervasyonMVC\OtelRezervasyonMVC.csproj", "{66FAC9C3-1CA7-46E1-869D-B400C98D4E9F}"
EndProject
Global
	GlobalSection(SolutionConfigurationPlatforms) = preSolution
		Debug|Any CPU = Debug|Any CPU
		Release|Any CPU = Release|Any CPU
	EndGlobalSection
	GlobalSection(ProjectConfigurationPlatforms) = postSolution
		{66FAC9C3-1CA7-46E1-869D-B400C98D4E9F}.Debug|Any CPU.ActiveCfg = Debug|Any CPU
		{66FAC9C3-1CA7-46E1-869D-B400C98D4E9F}.Debug|Any CPU.Build.0 = Debug|Any CPU
		{66FAC9C3-1CA7-46E1-869D-B400C98D4E9F}.Release|Any CPU.ActiveCfg = Release|Any CPU
		{66FAC9C3-1CA7-46E1-869D-B400C98D4E9F}.Release|Any CPU.Build.0 = Release|Any CPU
	EndGlobalSection
	GlobalSection(SolutionProperties) = preSolution
		HideSolutionNode = FALSE
	EndGlobalSection
	GlobalSection(ExtensibilityGlobals) = postSolution
		SolutionGuid = {1B093145-A82B-48CF-9D3A-83D566055896}
	EndGlobalSection
EndGlobal
